
Microsoft Visual Studio Solution File, Format Version 12.00
# Visual Studio Version 17
VisualStudioVersion = 17.9.34616.47
MinimumVisualStudioVersion = 10.0.40219.1
Project("{FAE04EC0-301F-11D3-BF4B-00C04F79EFBC}") = "ExcerciseEF", "ExcerciseEF.csproj", "{30F38AE5-9155-45B5-9C99-830C1BECF63C}"
EndProject
Global
	GlobalSection(SolutionConfigurationPlatforms) = preSolution
		Debug|Any CPU = Debug|Any CPU
		Release|Any CPU = Release|Any CPU
	EndGlobalSection
	GlobalSection(ProjectConfigurationPlatforms) = postSolution
		{30F38AE5-9155-45B5-9C99-830C1BECF63C}.Debug|Any CPU.ActiveCfg = Debug|Any CPU
		{30F38AE5-9155-45B5-9C99-830C1BECF63C}.Debug|Any CPU.Build.0 = Debug|Any CPU
		{30F38AE5-9155-45B5-9C99-830C1BECF63C}.Release|Any CPU.ActiveCfg = Release|Any CPU
		{30F38AE5-9155-45B5-9C99-830C1BECF63C}.Release|Any CPU.Build.0 = Release|Any CPU
	EndGlobalSection
	GlobalSection(SolutionProperties) = preSolution
		HideSolutionNode = FALSE
	EndGlobalSection
	GlobalSection(ExtensibilityGlobals) = postSolution
		SolutionGuid = {33E50685-6BBC-4C48-8F0B-414FF637BCF0}
	EndGlobalSection
EndGlobal
